
Microsoft Visual Studio Solution File, Format Version 12.00
# Visual Studio Version 16
VisualStudioVersion = 16.0.31729.503
MinimumVisualStudioVersion = 10.0.40219.1
Project("{FAE04EC0-301F-11D3-BF4B-00C04F79EFBC}") = "pokladní deník", "pokladní deník\pokladní deník.csproj", "{7B66A7E9-7231-4AD6-9D36-38B27B97C6DD}"
EndProject
Global
	GlobalSection(SolutionConfigurationPlatforms) = preSolution
		Debug|Any CPU = Debug|Any CPU
		Release|Any CPU = Release|Any CPU
	EndGlobalSection
	GlobalSection(ProjectConfigurationPlatforms) = postSolution
		{7B66A7E9-7231-4AD6-9D36-38B27B97C6DD}.Debug|Any CPU.ActiveCfg = Debug|Any CPU
		{7B66A7E9-7231-4AD6-9D36-38B27B97C6DD}.Debug|Any CPU.Build.0 = Debug|Any CPU
		{7B66A7E9-7231-4AD6-9D36-38B27B97C6DD}.Release|Any CPU.ActiveCfg = Release|Any CPU
		{7B66A7E9-7231-4AD6-9D36-38B27B97C6DD}.Release|Any CPU.Build.0 = Release|Any CPU
	EndGlobalSection
	GlobalSection(SolutionProperties) = preSolution
		HideSolutionNode = FALSE
	EndGlobalSection
	GlobalSection(ExtensibilityGlobals) = postSolution
		SolutionGuid = {0BB46917-A48F-46FC-A8B1-B463555EAE8F}
	EndGlobalSection
EndGlobal
