
Microsoft Visual Studio Solution File, Format Version 12.00
# Visual Studio Version 16
VisualStudioVersion = 16.0.31729.503
MinimumVisualStudioVersion = 10.0.40219.1
Project("{FAE04EC0-301F-11D3-BF4B-00C04F79EFBC}") = "2022_semestralka", "2022_semestralka\2022_semestralka.csproj", "{91629271-680C-4BD9-8CF4-FCC6CCA9B698}"
EndProject
Global
	GlobalSection(SolutionConfigurationPlatforms) = preSolution
		Debug|Any CPU = Debug|Any CPU
		Release|Any CPU = Release|Any CPU
	EndGlobalSection
	GlobalSection(ProjectConfigurationPlatforms) = postSolution
		{91629271-680C-4BD9-8CF4-FCC6CCA9B698}.Debug|Any CPU.ActiveCfg = Debug|Any CPU
		{91629271-680C-4BD9-8CF4-FCC6CCA9B698}.Debug|Any CPU.Build.0 = Debug|Any CPU
		{91629271-680C-4BD9-8CF4-FCC6CCA9B698}.Release|Any CPU.ActiveCfg = Release|Any CPU
		{91629271-680C-4BD9-8CF4-FCC6CCA9B698}.Release|Any CPU.Build.0 = Release|Any CPU
	EndGlobalSection
	GlobalSection(SolutionProperties) = preSolution
		HideSolutionNode = FALSE
	EndGlobalSection
	GlobalSection(ExtensibilityGlobals) = postSolution
		SolutionGuid = {E772B371-8042-4649-9CE2-497EA0961FEC}
	EndGlobalSection
EndGlobal
